
Microsoft Visual Studio Solution File, Format Version 12.00
# Visual Studio Version 17
VisualStudioVersion = 17.13.35931.197 d17.13
MinimumVisualStudioVersion = 10.0.40219.1
Project("{FAE04EC0-301F-11D3-BF4B-00C04F79EFBC}") = "tp-API_Equipo-7B", "tp-API_Equipo-7B\tp-API_Equipo-7B.csproj", "{DD9A2C97-F6DA-4555-81E4-9288098CE420}"
EndProject
Project("{FAE04EC0-301F-11D3-BF4B-00C04F79EFBC}") = "dominio", "dominio\dominio.csproj", "{3BC13975-3287-4898-983C-FE190FFE054B}"
EndProject
Project("{FAE04EC0-301F-11D3-BF4B-00C04F79EFBC}") = "negocio", "negocio\negocio.csproj", "{05F41308-13EF-4CD6-8999-D4D05ECC762B}"
EndProject
Global
	GlobalSection(SolutionConfigurationPlatforms) = preSolution
		Debug|Any CPU = Debug|Any CPU
		Release|Any CPU = Release|Any CPU
	EndGlobalSection
	GlobalSection(ProjectConfigurationPlatforms) = postSolution
		{DD9A2C97-F6DA-4555-81E4-9288098CE420}.Debug|Any CPU.ActiveCfg = Debug|Any CPU
		{DD9A2C97-F6DA-4555-81E4-9288098CE420}.Debug|Any CPU.Build.0 = Debug|Any CPU
		{DD9A2C97-F6DA-4555-81E4-9288098CE420}.Release|Any CPU.ActiveCfg = Release|Any CPU
		{DD9A2C97-F6DA-4555-81E4-9288098CE420}.Release|Any CPU.Build.0 = Release|Any CPU
		{3BC13975-3287-4898-983C-FE190FFE054B}.Debug|Any CPU.ActiveCfg = Debug|Any CPU
		{3BC13975-3287-4898-983C-FE190FFE054B}.Debug|Any CPU.Build.0 = Debug|Any CPU
		{3BC13975-3287-4898-983C-FE190FFE054B}.Release|Any CPU.ActiveCfg = Release|Any CPU
		{3BC13975-3287-4898-983C-FE190FFE054B}.Release|Any CPU.Build.0 = Release|Any CPU
		{05F41308-13EF-4CD6-8999-D4D05ECC762B}.Debug|Any CPU.ActiveCfg = Debug|Any CPU
		{05F41308-13EF-4CD6-8999-D4D05ECC762B}.Debug|Any CPU.Build.0 = Debug|Any CPU
		{05F41308-13EF-4CD6-8999-D4D05ECC762B}.Release|Any CPU.ActiveCfg = Release|Any CPU
		{05F41308-13EF-4CD6-8999-D4D05ECC762B}.Release|Any CPU.Build.0 = Release|Any CPU
	EndGlobalSection
	GlobalSection(SolutionProperties) = preSolution
		HideSolutionNode = FALSE
	EndGlobalSection
	GlobalSection(ExtensibilityGlobals) = postSolution
		SolutionGuid = {1E512CEE-266F-4A7E-AFE4-C56789CE97DE}
	EndGlobalSection
EndGlobal
